
Microsoft Visual Studio Solution File, Format Version 12.00
# Visual Studio Version 16
VisualStudioVersion = 25.0.1705.0
MinimumVisualStudioVersion = 10.0.40219.1
Project("{FAE04EC0-301F-11D3-BF4B-00C04F79EFBC}") = "hics", "hics\hics.csproj", "{CA660B6D-4AA9-4081-B7FA-A8C1D04AF220}"
EndProject
Project("{FAE04EC0-301F-11D3-BF4B-00C04F79EFBC}") = "chap01", "chap01\chap01.csproj", "{E7E81A0B-150B-4F17-83A3-CF78E525308E}"
EndProject
Global
	GlobalSection(SolutionConfigurationPlatforms) = preSolution
		Debug|Any CPU = Debug|Any CPU
		Release|Any CPU = Release|Any CPU
	EndGlobalSection
	GlobalSection(ProjectConfigurationPlatforms) = postSolution
		{CA660B6D-4AA9-4081-B7FA-A8C1D04AF220}.Debug|Any CPU.ActiveCfg = Debug|Any CPU
		{CA660B6D-4AA9-4081-B7FA-A8C1D04AF220}.Debug|Any CPU.Build.0 = Debug|Any CPU
		{CA660B6D-4AA9-4081-B7FA-A8C1D04AF220}.Release|Any CPU.ActiveCfg = Release|Any CPU
		{CA660B6D-4AA9-4081-B7FA-A8C1D04AF220}.Release|Any CPU.Build.0 = Release|Any CPU
		{E7E81A0B-150B-4F17-83A3-CF78E525308E}.Debug|Any CPU.ActiveCfg = Debug|Any CPU
		{E7E81A0B-150B-4F17-83A3-CF78E525308E}.Debug|Any CPU.Build.0 = Debug|Any CPU
		{E7E81A0B-150B-4F17-83A3-CF78E525308E}.Release|Any CPU.ActiveCfg = Release|Any CPU
		{E7E81A0B-150B-4F17-83A3-CF78E525308E}.Release|Any CPU.Build.0 = Release|Any CPU
	EndGlobalSection
	GlobalSection(SolutionProperties) = preSolution
		HideSolutionNode = FALSE
	EndGlobalSection
	GlobalSection(ExtensibilityGlobals) = postSolution
		SolutionGuid = {99679C1E-3BC3-4066-B96D-42E72B268BFE}
	EndGlobalSection
EndGlobal
